
Microsoft Visual Studio Solution File, Format Version 12.00
# Visual Studio Version 16
VisualStudioVersion = 16.0.30907.101
MinimumVisualStudioVersion = 10.0.40219.1
Project("{00D1A9C2-B5F0-4AF3-8072-F6C62B433612}") = "TRMData", "TRMData\TRMData.sqlproj", "{8EAEC587-3909-46EE-BEC9-56FAD5D46820}"
EndProject
Project("{9A19103F-16F7-4668-BE54-9A1E7A4F7556}") = "TRMDesktopUI", "TRMDesktopUI\TRMDesktopUI.csproj", "{EC0B7A2F-5014-4C81-8B7E-1B5F61645370}"
EndProject
Project("{9A19103F-16F7-4668-BE54-9A1E7A4F7556}") = "TRMDataManager.Library", "TRMDataManager.Library\TRMDataManager.Library.csproj", "{02102D70-50C0-45C6-9011-DFFBF9981732}"
EndProject
Project("{9A19103F-16F7-4668-BE54-9A1E7A4F7556}") = "TRMDesktopUI.Library", "TRMDesktopUI.Library\TRMDesktopUI.Library.csproj", "{44295E37-0179-4BDA-81E7-709AEF28CD0E}"
EndProject
Project("{2150E333-8FDC-42A3-9474-1A3956D46DE8}") = "Database", "Database", "{D033444C-7A76-4BB4-A7F7-4932FFA112CD}"
EndProject
Project("{2150E333-8FDC-42A3-9474-1A3956D46DE8}") = "API", "API", "{8A4F681C-B8F1-4AFC-97B5-B33DFBEB224E}"
EndProject
Project("{2150E333-8FDC-42A3-9474-1A3956D46DE8}") = "WPF", "WPF", "{C7A4483A-1DC6-44D9-95C6-A17C468D398F}"
EndProject
Project("{9A19103F-16F7-4668-BE54-9A1E7A4F7556}") = "TRMApi", "TRMApi\TRMApi.csproj", "{F4DC5738-537E-45A3-BE58-EEBAE1E73501}"
EndProject
Project("{2150E333-8FDC-42A3-9474-1A3956D46DE8}") = "Solution Items", "Solution Items", "{2637B5E1-75D3-4962-AFE8-AA6E65D78C11}"
	ProjectSection(SolutionItems) = preProject
		Roadmap.txt = Roadmap.txt
	EndProjectSection
EndProject
Project("{2150E333-8FDC-42A3-9474-1A3956D46DE8}") = "WebApps", "WebApps", "{42290CBB-29F6-4FFD-B230-1F889385121F}"
EndProject
Project("{9A19103F-16F7-4668-BE54-9A1E7A4F7556}") = "Portal", "Portal\Portal.csproj", "{9AE736C9-B293-49A0-AFCE-47FA1E0798F5}"
EndProject
Global
	GlobalSection(SolutionConfigurationPlatforms) = preSolution
		Debug|Any CPU = Debug|Any CPU
		Release|Any CPU = Release|Any CPU
	EndGlobalSection
	GlobalSection(ProjectConfigurationPlatforms) = postSolution
		{8EAEC587-3909-46EE-BEC9-56FAD5D46820}.Debug|Any CPU.ActiveCfg = Debug|Any CPU
		{8EAEC587-3909-46EE-BEC9-56FAD5D46820}.Debug|Any CPU.Build.0 = Debug|Any CPU
		{8EAEC587-3909-46EE-BEC9-56FAD5D46820}.Debug|Any CPU.Deploy.0 = Debug|Any CPU
		{8EAEC587-3909-46EE-BEC9-56FAD5D46820}.Release|Any CPU.ActiveCfg = Release|Any CPU
		{8EAEC587-3909-46EE-BEC9-56FAD5D46820}.Release|Any CPU.Build.0 = Release|Any CPU
		{8EAEC587-3909-46EE-BEC9-56FAD5D46820}.Release|Any CPU.Deploy.0 = Release|Any CPU
		{EC0B7A2F-5014-4C81-8B7E-1B5F61645370}.Debug|Any CPU.ActiveCfg = Debug|Any CPU
		{EC0B7A2F-5014-4C81-8B7E-1B5F61645370}.Debug|Any CPU.Build.0 = Debug|Any CPU
		{EC0B7A2F-5014-4C81-8B7E-1B5F61645370}.Release|Any CPU.ActiveCfg = Release|Any CPU
		{EC0B7A2F-5014-4C81-8B7E-1B5F61645370}.Release|Any CPU.Build.0 = Release|Any CPU
		{02102D70-50C0-45C6-9011-DFFBF9981732}.Debug|Any CPU.ActiveCfg = Debug|Any CPU
		{02102D70-50C0-45C6-9011-DFFBF9981732}.Debug|Any CPU.Build.0 = Debug|Any CPU
		{02102D70-50C0-45C6-9011-DFFBF9981732}.Release|Any CPU.ActiveCfg = Release|Any CPU
		{02102D70-50C0-45C6-9011-DFFBF9981732}.Release|Any CPU.Build.0 = Release|Any CPU
		{44295E37-0179-4BDA-81E7-709AEF28CD0E}.Debug|Any CPU.ActiveCfg = Debug|Any CPU
		{44295E37-0179-4BDA-81E7-709AEF28CD0E}.Debug|Any CPU.Build.0 = Debug|Any CPU
		{44295E37-0179-4BDA-81E7-709AEF28CD0E}.Release|Any CPU.ActiveCfg = Release|Any CPU
		{44295E37-0179-4BDA-81E7-709AEF28CD0E}.Release|Any CPU.Build.0 = Release|Any CPU
		{F4DC5738-537E-45A3-BE58-EEBAE1E73501}.Debug|Any CPU.ActiveCfg = Debug|Any CPU
		{F4DC5738-537E-45A3-BE58-EEBAE1E73501}.Debug|Any CPU.Build.0 = Debug|Any CPU
		{F4DC5738-537E-45A3-BE58-EEBAE1E73501}.Release|Any CPU.ActiveCfg = Release|Any CPU
		{F4DC5738-537E-45A3-BE58-EEBAE1E73501}.Release|Any CPU.Build.0 = Release|Any CPU
		{9AE736C9-B293-49A0-AFCE-47FA1E0798F5}.Debug|Any CPU.ActiveCfg = Debug|Any CPU
		{9AE736C9-B293-49A0-AFCE-47FA1E0798F5}.Debug|Any CPU.Build.0 = Debug|Any CPU
		{9AE736C9-B293-49A0-AFCE-47FA1E0798F5}.Release|Any CPU.ActiveCfg = Release|Any CPU
		{9AE736C9-B293-49A0-AFCE-47FA1E0798F5}.Release|Any CPU.Build.0 = Release|Any CPU
	EndGlobalSection
	GlobalSection(SolutionProperties) = preSolution
		HideSolutionNode = FALSE
	EndGlobalSection
	GlobalSection(NestedProjects) = preSolution
		{8EAEC587-3909-46EE-BEC9-56FAD5D46820} = {D033444C-7A76-4BB4-A7F7-4932FFA112CD}
		{EC0B7A2F-5014-4C81-8B7E-1B5F61645370} = {C7A4483A-1DC6-44D9-95C6-A17C468D398F}
		{02102D70-50C0-45C6-9011-DFFBF9981732} = {8A4F681C-B8F1-4AFC-97B5-B33DFBEB224E}
		{44295E37-0179-4BDA-81E7-709AEF28CD0E} = {C7A4483A-1DC6-44D9-95C6-A17C468D398F}
		{F4DC5738-537E-45A3-BE58-EEBAE1E73501} = {8A4F681C-B8F1-4AFC-97B5-B33DFBEB224E}
		{9AE736C9-B293-49A0-AFCE-47FA1E0798F5} = {42290CBB-29F6-4FFD-B230-1F889385121F}
	EndGlobalSection
	GlobalSection(ExtensibilityGlobals) = postSolution
		SolutionGuid = {52764C46-DC5F-417A-A6B0-C41223017CE6}
	EndGlobalSection
EndGlobal
